
Microsoft Visual Studio Solution File, Format Version 12.00
# Visual Studio Version 17
VisualStudioVersion = 17.9.34622.214
MinimumVisualStudioVersion = 10.0.40219.1
Project("{FAE04EC0-301F-11D3-BF4B-00C04F79EFBC}") = "WantGooWebApp", "WantGooWebApp\WantGooWebApp\WantGooWebApp.csproj", "{2C98F656-5FD7-40C9-9752-D11E9596BB0C}"
EndProject
Project("{FAE04EC0-301F-11D3-BF4B-00C04F79EFBC}") = "WantGooWebApp.Client", "WantGooWebApp\WantGooWebApp.Client\WantGooWebApp.Client.csproj", "{FFDAE640-B764-46C8-A191-33F7C0F3F8A8}"
EndProject
Global
	GlobalSection(SolutionConfigurationPlatforms) = preSolution
		Debug|Any CPU = Debug|Any CPU
		Release|Any CPU = Release|Any CPU
	EndGlobalSection
	GlobalSection(ProjectConfigurationPlatforms) = postSolution
		{2C98F656-5FD7-40C9-9752-D11E9596BB0C}.Debug|Any CPU.ActiveCfg = Debug|Any CPU
		{2C98F656-5FD7-40C9-9752-D11E9596BB0C}.Debug|Any CPU.Build.0 = Debug|Any CPU
		{2C98F656-5FD7-40C9-9752-D11E9596BB0C}.Release|Any CPU.ActiveCfg = Release|Any CPU
		{2C98F656-5FD7-40C9-9752-D11E9596BB0C}.Release|Any CPU.Build.0 = Release|Any CPU
		{FFDAE640-B764-46C8-A191-33F7C0F3F8A8}.Debug|Any CPU.ActiveCfg = Debug|Any CPU
		{FFDAE640-B764-46C8-A191-33F7C0F3F8A8}.Debug|Any CPU.Build.0 = Debug|Any CPU
		{FFDAE640-B764-46C8-A191-33F7C0F3F8A8}.Release|Any CPU.ActiveCfg = Release|Any CPU
		{FFDAE640-B764-46C8-A191-33F7C0F3F8A8}.Release|Any CPU.Build.0 = Release|Any CPU
	EndGlobalSection
	GlobalSection(SolutionProperties) = preSolution
		HideSolutionNode = FALSE
	EndGlobalSection
	GlobalSection(ExtensibilityGlobals) = postSolution
		SolutionGuid = {F66D670F-6F30-480D-9B93-BE548EBB810B}
	EndGlobalSection
EndGlobal
